// !$*UTF8*$!
{
	archiveVersion = 1;
	classes = {
	};
	objectVersion = 46;
	objects = {

/* Begin PBXBuildFile section */
		B638F5151EBEBF39002435A3 /* TripsTableViewCell.swift in Sources */ = {isa = PBXBuildFile; fileRef = B638F5141EBEBF39002435A3 /* TripsTableViewCell.swift */; };
		B6444BDA1EBF606E0050197A /* TripDetailViewController.swift in Sources */ = {isa = PBXBuildFile; fileRef = B6444BD91EBF606E0050197A /* TripDetailViewController.swift */; };
		B65712C31EBFF6BA00F576A7 /* EditTripViewController.swift in Sources */ = {isa = PBXBuildFile; fileRef = B65712C21EBFF6BA00F576A7 /* EditTripViewController.swift */; };
		B683A7431EBE42C1006812C2 /* AddTripViewController.swift in Sources */ = {isa = PBXBuildFile; fileRef = B683A7421EBE42C1006812C2 /* AddTripViewController.swift */; };
		B6E89BBF1EC286C000C21B48 /* CoreDataStack.swift in Sources */ = {isa = PBXBuildFile; fileRef = B6E89BBE1EC286C000C21B48 /* CoreDataStack.swift */; };
		B6EF39DC1EC264C100390CF4 /* DataModel.xcdatamodeld in Sources */ = {isa = PBXBuildFile; fileRef = B6EF39D91EC264B700390CF4 /* DataModel.xcdatamodeld */; };
		B6F41C711EBD442C004961E1 /* AppDelegate.swift in Sources */ = {isa = PBXBuildFile; fileRef = B6F41C701EBD442C004961E1 /* AppDelegate.swift */; };
		B6F41C731EBD442C004961E1 /* TripsTableViewController.swift in Sources */ = {isa = PBXBuildFile; fileRef = B6F41C721EBD442C004961E1 /* TripsTableViewController.swift */; };
		B6F41C751EBD442C004961E1 /* ProfileViewController.swift in Sources */ = {isa = PBXBuildFile; fileRef = B6F41C741EBD442C004961E1 /* ProfileViewController.swift */; };
		B6F41C781EBD442C004961E1 /* Main.storyboard in Resources */ = {isa = PBXBuildFile; fileRef = B6F41C761EBD442C004961E1 /* Main.storyboard */; };
		B6F41C7A1EBD442C004961E1 /* Assets.xcassets in Resources */ = {isa = PBXBuildFile; fileRef = B6F41C791EBD442C004961E1 /* Assets.xcassets */; };
		B6F41C7D1EBD442C004961E1 /* LaunchScreen.storyboard in Resources */ = {isa = PBXBuildFile; fileRef = B6F41C7B1EBD442C004961E1 /* LaunchScreen.storyboard */; };
/* End PBXBuildFile section */

/* Begin PBXFileReference section */
		B638F5141EBEBF39002435A3 /* TripsTableViewCell.swift */ = {isa = PBXFileReference; fileEncoding = 4; lastKnownFileType = sourcecode.swift; path = TripsTableViewCell.swift; sourceTree = "<group>"; };
		B6444BD91EBF606E0050197A /* TripDetailViewController.swift */ = {isa = PBXFileReference; fileEncoding = 4; lastKnownFileType = sourcecode.swift; path = TripDetailViewController.swift; sourceTree = "<group>"; };
		B65712C21EBFF6BA00F576A7 /* EditTripViewController.swift */ = {isa = PBXFileReference; fileEncoding = 4; lastKnownFileType = sourcecode.swift; path = EditTripViewController.swift; sourceTree = "<group>"; };
		B683A7421EBE42C1006812C2 /* AddTripViewController.swift */ = {isa = PBXFileReference; fileEncoding = 4; lastKnownFileType = sourcecode.swift; path = AddTripViewController.swift; sourceTree = "<group>"; };
		B6E89BBE1EC286C000C21B48 /* CoreDataStack.swift */ = {isa = PBXFileReference; fileEncoding = 4; lastKnownFileType = sourcecode.swift; name = CoreDataStack.swift; path = CoreDataStack.swift; sourceTree = "<group>"; };
		B6EF39DA1EC264B700390CF4 /* DataModel.xcdatamodel */ = {isa = PBXFileReference; lastKnownFileType = wrapper.xcdatamodel; path = DataModel.xcdatamodel; sourceTree = "<group>"; };
		B6F41C6D1EBD442C004961E1 /* Skyborne.app */ = {isa = PBXFileReference; explicitFileType = wrapper.application; includeInIndex = 0; path = Skyborne.app; sourceTree = BUILT_PRODUCTS_DIR; };
		B6F41C701EBD442C004961E1 /* AppDelegate.swift */ = {isa = PBXFileReference; lastKnownFileType = sourcecode.swift; path = AppDelegate.swift; sourceTree = "<group>"; };
		B6F41C721EBD442C004961E1 /* TripsTableViewController.swift */ = {isa = PBXFileReference; lastKnownFileType = sourcecode.swift; path = TripsTableViewController.swift; sourceTree = "<group>"; };
		B6F41C741EBD442C004961E1 /* ProfileViewController.swift */ = {isa = PBXFileReference; lastKnownFileType = sourcecode.swift; path = ProfileViewController.swift; sourceTree = "<group>"; };
		B6F41C771EBD442C004961E1 /* Base */ = {isa = PBXFileReference; lastKnownFileType = file.storyboard; name = Base; path = Base.lproj/Main.storyboard; sourceTree = "<group>"; };
		B6F41C791EBD442C004961E1 /* Assets.xcassets */ = {isa = PBXFileReference; lastKnownFileType = folder.assetcatalog; path = Assets.xcassets; sourceTree = "<group>"; };
		B6F41C7C1EBD442C004961E1 /* Base */ = {isa = PBXFileReference; lastKnownFileType = file.storyboard; name = Base; path = Base.lproj/LaunchScreen.storyboard; sourceTree = "<group>"; };
		B6F41C7E1EBD442C004961E1 /* Info.plist */ = {isa = PBXFileReference; lastKnownFileType = text.plist.xml; path = Info.plist; sourceTree = "<group>"; };
/* End PBXFileReference section */

/* Begin PBXFrameworksBuildPhase section */
		B6F41C6A1EBD442C004961E1 /* Frameworks */ = {
			isa = PBXFrameworksBuildPhase;
			buildActionMask = 2147483647;
			files = (
			);
			runOnlyForDeploymentPostprocessing = 0;
		};
/* End PBXFrameworksBuildPhase section */

/* Begin PBXGroup section */
		B6E341321EC2306F006A17F7 /* Controller */ = {
			isa = PBXGroup;
			children = (
				B683A7421EBE42C1006812C2 /* AddTripViewController.swift */,
				B65712C21EBFF6BA00F576A7 /* EditTripViewController.swift */,
				B6F41C741EBD442C004961E1 /* ProfileViewController.swift */,
				B6444BD91EBF606E0050197A /* TripDetailViewController.swift */,
				B6F41C721EBD442C004961E1 /* TripsTableViewController.swift */,
			);
			path = Controller;
			sourceTree = "<group>";
		};
		B6E341331EC230BD006A17F7 /* Model */ = {
			isa = PBXGroup;
			children = (
				B6EF39D91EC264B700390CF4 /* DataModel.xcdatamodeld */,
			);
			path = Model;
			sourceTree = "<group>";
		};
		B6E341341EC230CD006A17F7 /* View */ = {
			isa = PBXGroup;
			children = (
				B638F5141EBEBF39002435A3 /* TripsTableViewCell.swift */,
			);
			path = View;
			sourceTree = "<group>";
		};
		B6E341351EC23128006A17F7 /* Storyboard */ = {
			isa = PBXGroup;
			children = (
				B6F41C7B1EBD442C004961E1 /* LaunchScreen.storyboard */,
				B6F41C761EBD442C004961E1 /* Main.storyboard */,
			);
			path = Storyboard;
			sourceTree = "<group>";
		};
		B6E341361EC23155006A17F7 /* Delegate */ = {
			isa = PBXGroup;
			children = (
				B6F41C701EBD442C004961E1 /* AppDelegate.swift */,
			);
			path = Delegate;
			sourceTree = "<group>";
		};
		B6E341371EC2327A006A17F7 /* Library */ = {
			isa = PBXGroup;
			children = (
				B6F41C791EBD442C004961E1 /* Assets.xcassets */,
			);
			path = Library;
			sourceTree = "<group>";
		};
		B6E89BC01EC28A0A00C21B48 /* Stack */ = {
			isa = PBXGroup;
			children = (
				B6E89BBE1EC286C000C21B48 /* CoreDataStack.swift */,
			);
			name = Stack;
			path = Stack;
			sourceTree = "<group>";
		};
		B6F41C641EBD442C004961E1 = {
			isa = PBXGroup;
			children = (
				B6F41C6E1EBD442C004961E1 /* Products */,
				B6F41C6F1EBD442C004961E1 /* Skyborne */,
			);
			sourceTree = "<group>";
		};
		B6F41C6E1EBD442C004961E1 /* Products */ = {
			isa = PBXGroup;
			children = (
				B6F41C6D1EBD442C004961E1 /* Skyborne.app */,
			);
			name = Products;
			sourceTree = "<group>";
		};
		B6F41C6F1EBD442C004961E1 /* Skyborne */ = {
			isa = PBXGroup;
			children = (
				B6E341321EC2306F006A17F7 /* Controller */,
				B6E341361EC23155006A17F7 /* Delegate */,
				B6E341371EC2327A006A17F7 /* Library */,
				B6E341331EC230BD006A17F7 /* Model */,
				B6E89BC01EC28A0A00C21B48 /* Stack */,
				B6E341351EC23128006A17F7 /* Storyboard */,
				B6E341341EC230CD006A17F7 /* View */,
				B6F41C7E1EBD442C004961E1 /* Info.plist */,
			);
			path = Skyborne;
			sourceTree = "<group>";
		};
/* End PBXGroup section */

/* Begin PBXNativeTarget section */
		B6F41C6C1EBD442C004961E1 /* Skyborne */ = {
			isa = PBXNativeTarget;
			buildConfigurationList = B6F41C811EBD442C004961E1 /* Build configuration list for PBXNativeTarget "Skyborne" */;
			buildPhases = (
				B6F41C691EBD442C004961E1 /* Sources */,
				B6F41C6A1EBD442C004961E1 /* Frameworks */,
				B6F41C6B1EBD442C004961E1 /* Resources */,
			);
			buildRules = (
			);
			dependencies = (
			);
			name = Skyborne;
			productName = Skyborne;
			productReference = B6F41C6D1EBD442C004961E1 /* Skyborne.app */;
			productType = "com.apple.product-type.application";
		};
/* End PBXNativeTarget section */

/* Begin PBXProject section */
		B6F41C651EBD442C004961E1 /* Project object */ = {
			isa = PBXProject;
			attributes = {
				LastSwiftUpdateCheck = 0830;
				LastUpgradeCheck = 0830;
				ORGANIZATIONNAME = "Skyborne Co.";
				TargetAttributes = {
					B6F41C6C1EBD442C004961E1 = {
						CreatedOnToolsVersion = 8.3.2;
						ProvisioningStyle = Automatic;
					};
				};
			};
			buildConfigurationList = B6F41C681EBD442C004961E1 /* Build configuration list for PBXProject "Skyborne" */;
			compatibilityVersion = "Xcode 3.2";
			developmentRegion = English;
			hasScannedForEncodings = 0;
			knownRegions = (
				en,
				Base,
			);
			mainGroup = B6F41C641EBD442C004961E1;
			productRefGroup = B6F41C6E1EBD442C004961E1 /* Products */;
			projectDirPath = "";
			projectRoot = "";
			targets = (
				B6F41C6C1EBD442C004961E1 /* Skyborne */,
			);
		};
/* End PBXProject section */

/* Begin PBXResourcesBuildPhase section */
		B6F41C6B1EBD442C004961E1 /* Resources */ = {
			isa = PBXResourcesBuildPhase;
			buildActionMask = 2147483647;
			files = (
				B6F41C7D1EBD442C004961E1 /* LaunchScreen.storyboard in Resources */,
				B6F41C7A1EBD442C004961E1 /* Assets.xcassets in Resources */,
				B6F41C781EBD442C004961E1 /* Main.storyboard in Resources */,
			);
			runOnlyForDeploymentPostprocessing = 0;
		};
/* End PBXResourcesBuildPhase section */

/* Begin PBXSourcesBuildPhase section */
		B6F41C691EBD442C004961E1 /* Sources */ = {
			isa = PBXSourcesBuildPhase;
			buildActionMask = 2147483647;
			files = (
				B638F5151EBEBF39002435A3 /* TripsTableViewCell.swift in Sources */,
				B6444BDA1EBF606E0050197A /* TripDetailViewController.swift in Sources */,
				B65712C31EBFF6BA00F576A7 /* EditTripViewController.swift in Sources */,
				B6E89BBF1EC286C000C21B48 /* CoreDataStack.swift in Sources */,
				B6F41C751EBD442C004961E1 /* ProfileViewController.swift in Sources */,
				B6EF39DC1EC264C100390CF4 /* DataModel.xcdatamodeld in Sources */,
				B683A7431EBE42C1006812C2 /* AddTripViewController.swift in Sources */,
				B6F41C711EBD442C004961E1 /* AppDelegate.swift in Sources */,
				B6F41C731EBD442C004961E1 /* TripsTableViewController.swift in Sources */,
			);
			runOnlyForDeploymentPostprocessing = 0;
		};
/* End PBXSourcesBuildPhase section */

/* Begin PBXVariantGroup section */
		B6F41C761EBD442C004961E1 /* Main.storyboard */ = {
			isa = PBXVariantGroup;
			children = (
				B6F41C771EBD442C004961E1 /* Base */,
			);
			name = Main.storyboard;
			path = .;
			sourceTree = "<group>";
		};
		B6F41C7B1EBD442C004961E1 /* LaunchScreen.storyboard */ = {
			isa = PBXVariantGroup;
			children = (
				B6F41C7C1EBD442C004961E1 /* Base */,
			);
			name = LaunchScreen.storyboard;
			path = .;
			sourceTree = "<group>";
		};
/* End PBXVariantGroup section */

/* Begin XCBuildConfiguration section */
		B6F41C7F1EBD442C004961E1 /* Debug */ = {
			isa = XCBuildConfiguration;
			buildSettings = {
				ALWAYS_SEARCH_USER_PATHS = NO;
				CLANG_ANALYZER_NONNULL = YES;
				CLANG_ANALYZER_NUMBER_OBJECT_CONVERSION = YES_AGGRESSIVE;
				CLANG_CXX_LANGUAGE_STANDARD = "gnu++0x";
				CLANG_CXX_LIBRARY = "libc++";
				CLANG_ENABLE_MODULES = YES;
				CLANG_ENABLE_OBJC_ARC = YES;
				CLANG_WARN_BOOL_CONVERSION = YES;
				CLANG_WARN_CONSTANT_CONVERSION = YES;
				CLANG_WARN_DIRECT_OBJC_ISA_USAGE = YES_ERROR;
				CLANG_WARN_DOCUMENTATION_COMMENTS = YES;
				CLANG_WARN_EMPTY_BODY = YES;
				CLANG_WARN_ENUM_CONVERSION = YES;
				CLANG_WARN_INFINITE_RECURSION = YES;
				CLANG_WARN_INT_CONVERSION = YES;
				CLANG_WARN_OBJC_ROOT_CLASS = YES_ERROR;
				CLANG_WARN_SUSPICIOUS_MOVE = YES;
				CLANG_WARN_UNREACHABLE_CODE = YES;
				CLANG_WARN__DUPLICATE_METHOD_MATCH = YES;
				"CODE_SIGN_IDENTITY[sdk=iphoneos*]" = "iPhone Developer";
				COPY_PHASE_STRIP = NO;
				DEBUG_INFORMATION_FORMAT = dwarf;
				ENABLE_STRICT_OBJC_MSGSEND = YES;
				ENABLE_TESTABILITY = YES;
				GCC_C_LANGUAGE_STANDARD = gnu99;
				GCC_DYNAMIC_NO_PIC = NO;
				GCC_NO_COMMON_BLOCKS = YES;
				GCC_OPTIMIZATION_LEVEL = 0;
				GCC_PREPROCESSOR_DEFINITIONS = (
					"DEBUG=1",
					"$(inherited)",
				);
				GCC_WARN_64_TO_32_BIT_CONVERSION = YES;
				GCC_WARN_ABOUT_RETURN_TYPE = YES_ERROR;
				GCC_WARN_UNDECLARED_SELECTOR = YES;
				GCC_WARN_UNINITIALIZED_AUTOS = YES_AGGRESSIVE;
				GCC_WARN_UNUSED_FUNCTION = YES;
				GCC_WARN_UNUSED_VARIABLE = YES;
				IPHONEOS_DEPLOYMENT_TARGET = 10.3;
				MTL_ENABLE_DEBUG_INFO = YES;
				ONLY_ACTIVE_ARCH = YES;
				SDKROOT = iphoneos;
				SWIFT_ACTIVE_COMPILATION_CONDITIONS = DEBUG;
				SWIFT_OPTIMIZATION_LEVEL = "-Onone";
				TARGETED_DEVICE_FAMILY = "1,2";
			};
			name = Debug;
		};
		B6F41C801EBD442C004961E1 /* Release */ = {
			isa = XCBuildConfiguration;
			buildSettings = {
				ALWAYS_SEARCH_USER_PATHS = NO;
				CLANG_ANALYZER_NONNULL = YES;
				CLANG_ANALYZER_NUMBER_OBJECT_CONVERSION = YES_AGGRESSIVE;
				CLANG_CXX_LANGUAGE_STANDARD = "gnu++0x";
				CLANG_CXX_LIBRARY = "libc++";
				CLANG_ENABLE_MODULES = YES;
				CLANG_ENABLE_OBJC_ARC = YES;
				CLANG_WARN_BOOL_CONVERSION = YES;
				CLANG_WARN_CONSTANT_CONVERSION = YES;
				CLANG_WARN_DIRECT_OBJC_ISA_USAGE = YES_ERROR;
				CLANG_WARN_DOCUMENTATION_COMMENTS = YES;
				CLANG_WARN_EMPTY_BODY = YES;
				CLANG_WARN_ENUM_CONVERSION = YES;
				CLANG_WARN_INFINITE_RECURSION = YES;
				CLANG_WARN_INT_CONVERSION = YES;
				CLANG_WARN_OBJC_ROOT_CLASS = YES_ERROR;
				CLANG_WARN_SUSPICIOUS_MOVE = YES;
				CLANG_WARN_UNREACHABLE_CODE = YES;
				CLANG_WARN__DUPLICATE_METHOD_MATCH = YES;
				"CODE_SIGN_IDENTITY[sdk=iphoneos*]" = "iPhone Developer";
				COPY_PHASE_STRIP = NO;
				DEBUG_INFORMATION_FORMAT = "dwarf-with-dsym";
				ENABLE_NS_ASSERTIONS = NO;
				ENABLE_STRICT_OBJC_MSGSEND = YES;
				GCC_C_LANGUAGE_STANDARD = gnu99;
				GCC_NO_COMMON_BLOCKS = YES;
				GCC_WARN_64_TO_32_BIT_CONVERSION = YES;
				GCC_WARN_ABOUT_RETURN_TYPE = YES_ERROR;
				GCC_WARN_UNDECLARED_SELECTOR = YES;
				GCC_WARN_UNINITIALIZED_AUTOS = YES_AGGRESSIVE;
				GCC_WARN_UNUSED_FUNCTION = YES;
				GCC_WARN_UNUSED_VARIABLE = YES;
				IPHONEOS_DEPLOYMENT_TARGET = 10.3;
				MTL_ENABLE_DEBUG_INFO = NO;
				SDKROOT = iphoneos;
				SWIFT_OPTIMIZATION_LEVEL = "-Owholemodule";
				TARGETED_DEVICE_FAMILY = "1,2";
				VALIDATE_PRODUCT = YES;
			};
			name = Release;
		};
		B6F41C821EBD442C004961E1 /* Debug */ = {
			isa = XCBuildConfiguration;
			buildSettings = {
				ASSETCATALOG_COMPILER_APPICON_NAME = "App Icon";
				INFOPLIST_FILE = Skyborne/Info.plist;
				LD_RUNPATH_SEARCH_PATHS = "$(inherited) @executable_path/Frameworks";
				PRODUCT_BUNDLE_IDENTIFIER = co.skyborne.Skyborne;
				PRODUCT_NAME = "$(TARGET_NAME)";
				SWIFT_VERSION = 3.0;
			};
			name = Debug;
		};
		B6F41C831EBD442C004961E1 /* Release */ = {
			isa = XCBuildConfiguration;
			buildSettings = {
				ASSETCATALOG_COMPILER_APPICON_NAME = "App Icon";
				INFOPLIST_FILE = Skyborne/Info.plist;
				LD_RUNPATH_SEARCH_PATHS = "$(inherited) @executable_path/Frameworks";
				PRODUCT_BUNDLE_IDENTIFIER = co.skyborne.Skyborne;
				PRODUCT_NAME = "$(TARGET_NAME)";
				SWIFT_VERSION = 3.0;
			};
			name = Release;
		};
/* End XCBuildConfiguration section */

/* Begin XCConfigurationList section */
		B6F41C681EBD442C004961E1 /* Build configuration list for PBXProject "Skyborne" */ = {
			isa = XCConfigurationList;
			buildConfigurations = (
				B6F41C7F1EBD442C004961E1 /* Debug */,
				B6F41C801EBD442C004961E1 /* Release */,
			);
			defaultConfigurationIsVisible = 0;
			defaultConfigurationName = Release;
		};
		B6F41C811EBD442C004961E1 /* Build configuration list for PBXNativeTarget "Skyborne" */ = {
			isa = XCConfigurationList;
			buildConfigurations = (
				B6F41C821EBD442C004961E1 /* Debug */,
				B6F41C831EBD442C004961E1 /* Release */,
			);
			defaultConfigurationIsVisible = 0;
			defaultConfigurationName = Release;
		};
/* End XCConfigurationList section */

/* Begin XCVersionGroup section */
		B6EF39D91EC264B700390CF4 /* DataModel.xcdatamodeld */ = {
			isa = XCVersionGroup;
			children = (
				B6EF39DA1EC264B700390CF4 /* DataModel.xcdatamodel */,
			);
			currentVersion = B6EF39DA1EC264B700390CF4 /* DataModel.xcdatamodel */;
			path = DataModel.xcdatamodeld;
			sourceTree = "<group>";
			versionGroupType = wrapper.xcdatamodel;
		};
/* End XCVersionGroup section */
	};
	rootObject = B6F41C651EBD442C004961E1 /* Project object */;
}
